
Microsoft Visual Studio Solution File, Format Version 12.00
# Visual Studio Version 17
VisualStudioVersion = 17.3.32901.215
MinimumVisualStudioVersion = 10.0.40219.1
Project("{9A19103F-16F7-4668-BE54-9A1E7A4F7556}") = "Service", "Service\Service.csproj", "{99B59928-D0EB-4C2B-BD54-967A295335CD}"
EndProject
Project("{9A19103F-16F7-4668-BE54-9A1E7A4F7556}") = "Domain", "Domain\Domain.csproj", "{27B073E6-4F9F-435E-AA7F-1041CB2F961D}"
EndProject
Project("{E53339B2-1760-4266-BCC7-CA923CBCF16C}") = "docker-compose", "docker-compose.dcproj", "{FBBE1C45-DD85-4656-A102-24DB744C9125}"
EndProject
Project("{FAE04EC0-301F-11D3-BF4B-00C04F79EFBC}") = "Tests", "Tests\Tests.csproj", "{8349EE18-3417-4463-B9B6-4009FB8CD541}"
EndProject
Global
	GlobalSection(SolutionConfigurationPlatforms) = preSolution
		Debug|Any CPU = Debug|Any CPU
		Release|Any CPU = Release|Any CPU
	EndGlobalSection
	GlobalSection(ProjectConfigurationPlatforms) = postSolution
		{99B59928-D0EB-4C2B-BD54-967A295335CD}.Debug|Any CPU.ActiveCfg = Debug|Any CPU
		{99B59928-D0EB-4C2B-BD54-967A295335CD}.Debug|Any CPU.Build.0 = Debug|Any CPU
		{99B59928-D0EB-4C2B-BD54-967A295335CD}.Release|Any CPU.ActiveCfg = Release|Any CPU
		{99B59928-D0EB-4C2B-BD54-967A295335CD}.Release|Any CPU.Build.0 = Release|Any CPU
		{27B073E6-4F9F-435E-AA7F-1041CB2F961D}.Debug|Any CPU.ActiveCfg = Debug|Any CPU
		{27B073E6-4F9F-435E-AA7F-1041CB2F961D}.Debug|Any CPU.Build.0 = Debug|Any CPU
		{27B073E6-4F9F-435E-AA7F-1041CB2F961D}.Release|Any CPU.ActiveCfg = Release|Any CPU
		{27B073E6-4F9F-435E-AA7F-1041CB2F961D}.Release|Any CPU.Build.0 = Release|Any CPU
		{FBBE1C45-DD85-4656-A102-24DB744C9125}.Debug|Any CPU.ActiveCfg = Debug|Any CPU
		{FBBE1C45-DD85-4656-A102-24DB744C9125}.Debug|Any CPU.Build.0 = Debug|Any CPU
		{FBBE1C45-DD85-4656-A102-24DB744C9125}.Release|Any CPU.ActiveCfg = Release|Any CPU
		{FBBE1C45-DD85-4656-A102-24DB744C9125}.Release|Any CPU.Build.0 = Release|Any CPU
		{8349EE18-3417-4463-B9B6-4009FB8CD541}.Debug|Any CPU.ActiveCfg = Debug|Any CPU
		{8349EE18-3417-4463-B9B6-4009FB8CD541}.Debug|Any CPU.Build.0 = Debug|Any CPU
		{8349EE18-3417-4463-B9B6-4009FB8CD541}.Release|Any CPU.ActiveCfg = Release|Any CPU
		{8349EE18-3417-4463-B9B6-4009FB8CD541}.Release|Any CPU.Build.0 = Release|Any CPU
	EndGlobalSection
	GlobalSection(SolutionProperties) = preSolution
		HideSolutionNode = FALSE
	EndGlobalSection
	GlobalSection(ExtensibilityGlobals) = postSolution
		SolutionGuid = {75E48D4C-EE33-4CB5-8AD0-70CD059AF19C}
	EndGlobalSection
EndGlobal
